// !$*UTF8*$!
{
	archiveVersion = 1;
	classes = {
	};
	objectVersion = 46;
	objects = {

/* Begin PBXBuildFile section */
		A620EB6B1D7557AD00954F4D /* AppDelegate.swift in Sources */ = {isa = PBXBuildFile; fileRef = A620EB6A1D7557AD00954F4D /* AppDelegate.swift */; };
		A620EB6D1D7557AD00954F4D /* ViewController.swift in Sources */ = {isa = PBXBuildFile; fileRef = A620EB6C1D7557AD00954F4D /* ViewController.swift */; };
		A620EB721D7557AD00954F4D /* Assets.xcassets in Resources */ = {isa = PBXBuildFile; fileRef = A620EB711D7557AD00954F4D /* Assets.xcassets */; };
		A620EB751D7557AD00954F4D /* LaunchScreen.storyboard in Resources */ = {isa = PBXBuildFile; fileRef = A620EB731D7557AD00954F4D /* LaunchScreen.storyboard */; };
		A620EB7D1D755A0A00954F4D /* LocalHTML.html in Resources */ = {isa = PBXBuildFile; fileRef = A620EB7C1D755A0A00954F4D /* LocalHTML.html */; };
/* End PBXBuildFile section */

/* Begin PBXFileReference section */
		A620EB671D7557AC00954F4D /* WebDemo.app */ = {isa = PBXFileReference; explicitFileType = wrapper.application; includeInIndex = 0; path = WebDemo.app; sourceTree = BUILT_PRODUCTS_DIR; };
		A620EB6A1D7557AD00954F4D /* AppDelegate.swift */ = {isa = PBXFileReference; lastKnownFileType = sourcecode.swift; path = AppDelegate.swift; sourceTree = "<group>"; };
		A620EB6C1D7557AD00954F4D /* ViewController.swift */ = {isa = PBXFileReference; lastKnownFileType = sourcecode.swift; path = ViewController.swift; sourceTree = "<group>"; };
		A620EB711D7557AD00954F4D /* Assets.xcassets */ = {isa = PBXFileReference; lastKnownFileType = folder.assetcatalog; path = Assets.xcassets; sourceTree = "<group>"; };
		A620EB741D7557AD00954F4D /* Base */ = {isa = PBXFileReference; lastKnownFileType = file.storyboard; name = Base; path = Base.lproj/LaunchScreen.storyboard; sourceTree = "<group>"; };
		A620EB761D7557AD00954F4D /* Info.plist */ = {isa = PBXFileReference; lastKnownFileType = text.plist.xml; path = Info.plist; sourceTree = "<group>"; };
		A620EB7C1D755A0A00954F4D /* LocalHTML.html */ = {isa = PBXFileReference; fileEncoding = 4; lastKnownFileType = text.html; path = LocalHTML.html; sourceTree = "<group>"; };
/* End PBXFileReference section */

/* Begin PBXFrameworksBuildPhase section */
		A620EB641D7557AC00954F4D /* Frameworks */ = {
			isa = PBXFrameworksBuildPhase;
			buildActionMask = 2147483647;
			files = (
			);
			runOnlyForDeploymentPostprocessing = 0;
		};
/* End PBXFrameworksBuildPhase section */

/* Begin PBXGroup section */
		A620EB5E1D7557AC00954F4D = {
			isa = PBXGroup;
			children = (
				A620EB691D7557AD00954F4D /* WebDemo */,
				A620EB681D7557AC00954F4D /* Products */,
			);
			sourceTree = "<group>";
		};
		A620EB681D7557AC00954F4D /* Products */ = {
			isa = PBXGroup;
			children = (
				A620EB671D7557AC00954F4D /* WebDemo.app */,
			);
			name = Products;
			sourceTree = "<group>";
		};
		A620EB691D7557AD00954F4D /* WebDemo */ = {
			isa = PBXGroup;
			children = (
				A620EB6A1D7557AD00954F4D /* AppDelegate.swift */,
				A620EB6C1D7557AD00954F4D /* ViewController.swift */,
				A620EB7C1D755A0A00954F4D /* LocalHTML.html */,
				A620EB711D7557AD00954F4D /* Assets.xcassets */,
				A620EB731D7557AD00954F4D /* LaunchScreen.storyboard */,
				A620EB761D7557AD00954F4D /* Info.plist */,
			);
			path = WebDemo;
			sourceTree = "<group>";
		};
/* End PBXGroup section */

/* Begin PBXNativeTarget section */
		A620EB661D7557AC00954F4D /* WebDemo */ = {
			isa = PBXNativeTarget;
			buildConfigurationList = A620EB791D7557AD00954F4D /* Build configuration list for PBXNativeTarget "WebDemo" */;
			buildPhases = (
				A620EB631D7557AC00954F4D /* Sources */,
				A620EB641D7557AC00954F4D /* Frameworks */,
				A620EB651D7557AC00954F4D /* Resources */,
			);
			buildRules = (
			);
			dependencies = (
			);
			name = WebDemo;
			productName = WebDemo;
			productReference = A620EB671D7557AC00954F4D /* WebDemo.app */;
			productType = "com.apple.product-type.application";
		};
/* End PBXNativeTarget section */

/* Begin PBXProject section */
		A620EB5F1D7557AC00954F4D /* Project object */ = {
			isa = PBXProject;
			attributes = {
				LastSwiftUpdateCheck = 0730;
				LastUpgradeCheck = 0730;
				ORGANIZATIONNAME = demon;
				TargetAttributes = {
					A620EB661D7557AC00954F4D = {
						CreatedOnToolsVersion = 7.3.1;
						DevelopmentTeam = 2JPR38A262;
					};
				};
			};
			buildConfigurationList = A620EB621D7557AC00954F4D /* Build configuration list for PBXProject "WebDemo" */;
			compatibilityVersion = "Xcode 3.2";
			developmentRegion = English;
			hasScannedForEncodings = 0;
			knownRegions = (
				en,
				Base,
			);
			mainGroup = A620EB5E1D7557AC00954F4D;
			productRefGroup = A620EB681D7557AC00954F4D /* Products */;
			projectDirPath = "";
			projectRoot = "";
			targets = (
				A620EB661D7557AC00954F4D /* WebDemo */,
			);
		};
/* End PBXProject section */

/* Begin PBXResourcesBuildPhase section */
		A620EB651D7557AC00954F4D /* Resources */ = {
			isa = PBXResourcesBuildPhase;
			buildActionMask = 2147483647;
			files = (
				A620EB751D7557AD00954F4D /* LaunchScreen.storyboard in Resources */,
				A620EB7D1D755A0A00954F4D /* LocalHTML.html in Resources */,
				A620EB721D7557AD00954F4D /* Assets.xcassets in Resources */,
			);
			runOnlyForDeploymentPostprocessing = 0;
		};
/* End PBXResourcesBuildPhase section */

/* Begin PBXSourcesBuildPhase section */
		A620EB631D7557AC00954F4D /* Sources */ = {
			isa = PBXSourcesBuildPhase;
			buildActionMask = 2147483647;
			files = (
				A620EB6D1D7557AD00954F4D /* ViewController.swift in Sources */,
				A620EB6B1D7557AD00954F4D /* AppDelegate.swift in Sources */,
			);
			runOnlyForDeploymentPostprocessing = 0;
		};
/* End PBXSourcesBuildPhase section */

/* Begin PBXVariantGroup section */
		A620EB731D7557AD00954F4D /* LaunchScreen.storyboard */ = {
			isa = PBXVariantGroup;
			children = (
				A620EB741D7557AD00954F4D /* Base */,
			);
			name = LaunchScreen.storyboard;
			sourceTree = "<group>";
		};
/* End PBXVariantGroup section */

/* Begin XCBuildConfiguration section */
		A620EB771D7557AD00954F4D /* Debug */ = {
			isa = XCBuildConfiguration;
			buildSettings = {
				ALWAYS_SEARCH_USER_PATHS = NO;
				CLANG_ANALYZER_NONNULL = YES;
				CLANG_CXX_LANGUAGE_STANDARD = "gnu++0x";
				CLANG_CXX_LIBRARY = "libc++";
				CLANG_ENABLE_MODULES = YES;
				CLANG_ENABLE_OBJC_ARC = YES;
				CLANG_WARN_BOOL_CONVERSION = YES;
				CLANG_WARN_CONSTANT_CONVERSION = YES;
				CLANG_WARN_DIRECT_OBJC_ISA_USAGE = YES_ERROR;
				CLANG_WARN_EMPTY_BODY = YES;
				CLANG_WARN_ENUM_CONVERSION = YES;
				CLANG_WARN_INT_CONVERSION = YES;
				CLANG_WARN_OBJC_ROOT_CLASS = YES_ERROR;
				CLANG_WARN_UNREACHABLE_CODE = YES;
				CLANG_WARN__DUPLICATE_METHOD_MATCH = YES;
				"CODE_SIGN_IDENTITY[sdk=iphoneos*]" = "iPhone Developer";
				COPY_PHASE_STRIP = NO;
				DEBUG_INFORMATION_FORMAT = dwarf;
				ENABLE_STRICT_OBJC_MSGSEND = YES;
				ENABLE_TESTABILITY = YES;
				GCC_C_LANGUAGE_STANDARD = gnu99;
				GCC_DYNAMIC_NO_PIC = NO;
				GCC_NO_COMMON_BLOCKS = YES;
				GCC_OPTIMIZATION_LEVEL = 0;
				GCC_PREPROCESSOR_DEFINITIONS = (
					"DEBUG=1",
					"$(inherited)",
				);
				GCC_WARN_64_TO_32_BIT_CONVERSION = YES;
				GCC_WARN_ABOUT_RETURN_TYPE = YES_ERROR;
				GCC_WARN_UNDECLARED_SELECTOR = YES;
				GCC_WARN_UNINITIALIZED_AUTOS = YES_AGGRESSIVE;
				GCC_WARN_UNUSED_FUNCTION = YES;
				GCC_WARN_UNUSED_VARIABLE = YES;
				IPHONEOS_DEPLOYMENT_TARGET = 9.3;
				MTL_ENABLE_DEBUG_INFO = YES;
				ONLY_ACTIVE_ARCH = YES;
				SDKROOT = iphoneos;
				SWIFT_OPTIMIZATION_LEVEL = "-Onone";
				TARGETED_DEVICE_FAMILY = "1,2";
			};
			name = Debug;
		};
		A620EB781D7557AD00954F4D /* Release */ = {
			isa = XCBuildConfiguration;
			buildSettings = {
				ALWAYS_SEARCH_USER_PATHS = NO;
				CLANG_ANALYZER_NONNULL = YES;
				CLANG_CXX_LANGUAGE_STANDARD = "gnu++0x";
				CLANG_CXX_LIBRARY = "libc++";
				CLANG_ENABLE_MODULES = YES;
				CLANG_ENABLE_OBJC_ARC = YES;
				CLANG_WARN_BOOL_CONVERSION = YES;
				CLANG_WARN_CONSTANT_CONVERSION = YES;
				CLANG_WARN_DIRECT_OBJC_ISA_USAGE = YES_ERROR;
				CLANG_WARN_EMPTY_BODY = YES;
				CLANG_WARN_ENUM_CONVERSION = YES;
				CLANG_WARN_INT_CONVERSION = YES;
				CLANG_WARN_OBJC_ROOT_CLASS = YES_ERROR;
				CLANG_WARN_UNREACHABLE_CODE = YES;
				CLANG_WARN__DUPLICATE_METHOD_MATCH = YES;
				"CODE_SIGN_IDENTITY[sdk=iphoneos*]" = "iPhone Developer";
				COPY_PHASE_STRIP = NO;
				DEBUG_INFORMATION_FORMAT = "dwarf-with-dsym";
				ENABLE_NS_ASSERTIONS = NO;
				ENABLE_STRICT_OBJC_MSGSEND = YES;
				GCC_C_LANGUAGE_STANDARD = gnu99;
				GCC_NO_COMMON_BLOCKS = YES;
				GCC_WARN_64_TO_32_BIT_CONVERSION = YES;
				GCC_WARN_ABOUT_RETURN_TYPE = YES_ERROR;
				GCC_WARN_UNDECLARED_SELECTOR = YES;
				GCC_WARN_UNINITIALIZED_AUTOS = YES_AGGRESSIVE;
				GCC_WARN_UNUSED_FUNCTION = YES;
				GCC_WARN_UNUSED_VARIABLE = YES;
				IPHONEOS_DEPLOYMENT_TARGET = 9.3;
				MTL_ENABLE_DEBUG_INFO = NO;
				SDKROOT = iphoneos;
				TARGETED_DEVICE_FAMILY = "1,2";
				VALIDATE_PRODUCT = YES;
			};
			name = Release;
		};
		A620EB7A1D7557AD00954F4D /* Debug */ = {
			isa = XCBuildConfiguration;
			buildSettings = {
				ASSETCATALOG_COMPILER_APPICON_NAME = AppIcon;
				INFOPLIST_FILE = WebDemo/Info.plist;
				IPHONEOS_DEPLOYMENT_TARGET = 8.0;
				LD_RUNPATH_SEARCH_PATHS = "$(inherited) @executable_path/Frameworks";
				PRODUCT_BUNDLE_IDENTIFIER = demon.WebDemo;
				PRODUCT_NAME = "$(TARGET_NAME)";
			};
			name = Debug;
		};
		A620EB7B1D7557AD00954F4D /* Release */ = {
			isa = XCBuildConfiguration;
			buildSettings = {
				ASSETCATALOG_COMPILER_APPICON_NAME = AppIcon;
				INFOPLIST_FILE = WebDemo/Info.plist;
				IPHONEOS_DEPLOYMENT_TARGET = 8.0;
				LD_RUNPATH_SEARCH_PATHS = "$(inherited) @executable_path/Frameworks";
				PRODUCT_BUNDLE_IDENTIFIER = demon.WebDemo;
				PRODUCT_NAME = "$(TARGET_NAME)";
			};
			name = Release;
		};
/* End XCBuildConfiguration section */

/* Begin XCConfigurationList section */
		A620EB621D7557AC00954F4D /* Build configuration list for PBXProject "WebDemo" */ = {
			isa = XCConfigurationList;
			buildConfigurations = (
				A620EB771D7557AD00954F4D /* Debug */,
				A620EB781D7557AD00954F4D /* Release */,
			);
			defaultConfigurationIsVisible = 0;
			defaultConfigurationName = Release;
		};
		A620EB791D7557AD00954F4D /* Build configuration list for PBXNativeTarget "WebDemo" */ = {
			isa = XCConfigurationList;
			buildConfigurations = (
				A620EB7A1D7557AD00954F4D /* Debug */,
				A620EB7B1D7557AD00954F4D /* Release */,
			);
			defaultConfigurationIsVisible = 0;
			defaultConfigurationName = Release;
		};
/* End XCConfigurationList section */
	};
	rootObject = A620EB5F1D7557AC00954F4D /* Project object */;
}
